
Microsoft Visual Studio Solution File, Format Version 12.00
# Visual Studio Version 16
VisualStudioVersion = 16.0.32228.343
MinimumVisualStudioVersion = 10.0.40219.1
Project("{FAE04EC0-301F-11D3-BF4B-00C04F79EFBC}") = "Kalakutskiy", "Kalakutskiy\Kalakutskiy.csproj", "{D271FDE4-E72A-4093-BB34-0C7EF646D4C4}"
EndProject
Global
	GlobalSection(SolutionConfigurationPlatforms) = preSolution
		Debug|Any CPU = Debug|Any CPU
		Release|Any CPU = Release|Any CPU
	EndGlobalSection
	GlobalSection(ProjectConfigurationPlatforms) = postSolution
		{D271FDE4-E72A-4093-BB34-0C7EF646D4C4}.Debug|Any CPU.ActiveCfg = Debug|Any CPU
		{D271FDE4-E72A-4093-BB34-0C7EF646D4C4}.Debug|Any CPU.Build.0 = Debug|Any CPU
		{D271FDE4-E72A-4093-BB34-0C7EF646D4C4}.Release|Any CPU.ActiveCfg = Release|Any CPU
		{D271FDE4-E72A-4093-BB34-0C7EF646D4C4}.Release|Any CPU.Build.0 = Release|Any CPU
	EndGlobalSection
	GlobalSection(SolutionProperties) = preSolution
		HideSolutionNode = FALSE
	EndGlobalSection
	GlobalSection(ExtensibilityGlobals) = postSolution
		SolutionGuid = {12FD47D2-71CF-4C64-98E7-B184EEB05AA5}
	EndGlobalSection
EndGlobal
